
Microsoft Visual Studio Solution File, Format Version 12.00
# Visual Studio 15
VisualStudioVersion = 15.0.27428.1
MinimumVisualStudioVersion = 10.0.40219.1
Project("{FAE04EC0-301F-11D3-BF4B-00C04F79EFBC}") = "Bakery2018", "Bakery2018\Bakery2018.csproj", "{D75535F8-891F-40C7-9171-4CF41245F488}"
EndProject
Global
	GlobalSection(SolutionConfigurationPlatforms) = preSolution
		Debug|Any CPU = Debug|Any CPU
		Release|Any CPU = Release|Any CPU
	EndGlobalSection
	GlobalSection(ProjectConfigurationPlatforms) = postSolution
		{D75535F8-891F-40C7-9171-4CF41245F488}.Debug|Any CPU.ActiveCfg = Debug|Any CPU
		{D75535F8-891F-40C7-9171-4CF41245F488}.Debug|Any CPU.Build.0 = Debug|Any CPU
		{D75535F8-891F-40C7-9171-4CF41245F488}.Release|Any CPU.ActiveCfg = Release|Any CPU
		{D75535F8-891F-40C7-9171-4CF41245F488}.Release|Any CPU.Build.0 = Release|Any CPU
	EndGlobalSection
	GlobalSection(SolutionProperties) = preSolution
		HideSolutionNode = FALSE
	EndGlobalSection
	GlobalSection(ExtensibilityGlobals) = postSolution
		SolutionGuid = {15A45625-7BAA-401A-9702-33519990E10E}
	EndGlobalSection
EndGlobal
